
Microsoft Visual Studio Solution File, Format Version 12.00
# Visual Studio Version 17
VisualStudioVersion = 17.4.33205.214
MinimumVisualStudioVersion = 10.0.40219.1
Project("{FAE04EC0-301F-11D3-BF4B-00C04F79EFBC}") = "LibHandler", "LibHandler\LibHandler.csproj", "{B080BE4F-0543-4F6B-AB61-5E6EC3480B04}"
EndProject
Global
	GlobalSection(SolutionConfigurationPlatforms) = preSolution
		Debug|Any CPU = Debug|Any CPU
		Release|Any CPU = Release|Any CPU
	EndGlobalSection
	GlobalSection(ProjectConfigurationPlatforms) = postSolution
		{B080BE4F-0543-4F6B-AB61-5E6EC3480B04}.Debug|Any CPU.ActiveCfg = Debug|Any CPU
		{B080BE4F-0543-4F6B-AB61-5E6EC3480B04}.Debug|Any CPU.Build.0 = Debug|Any CPU
		{B080BE4F-0543-4F6B-AB61-5E6EC3480B04}.Release|Any CPU.ActiveCfg = Release|Any CPU
		{B080BE4F-0543-4F6B-AB61-5E6EC3480B04}.Release|Any CPU.Build.0 = Release|Any CPU
	EndGlobalSection
	GlobalSection(SolutionProperties) = preSolution
		HideSolutionNode = FALSE
	EndGlobalSection
	GlobalSection(ExtensibilityGlobals) = postSolution
		SolutionGuid = {CECB74C0-DEB7-4071-A3FB-30C868075DDE}
	EndGlobalSection
EndGlobal
